
Microsoft Visual Studio Solution File, Format Version 12.00
# Visual Studio Version 17
VisualStudioVersion = 17.2.32516.85
MinimumVisualStudioVersion = 10.0.40219.1
Project("{9A19103F-16F7-4668-BE54-9A1E7A4F7556}") = "SpotFinder", "Xibix\SpotFinder.csproj", "{78F711DA-0A10-4B65-A37B-B9ECF15B2904}"
EndProject
Project("{9A19103F-16F7-4668-BE54-9A1E7A4F7556}") = "SpotFinder.Tests", "Xibix.Tests\SpotFinder.Tests.csproj", "{82E31B0E-ACF7-4FC2-929F-BC8E4AB8CDF3}"
EndProject
Global
	GlobalSection(SolutionConfigurationPlatforms) = preSolution
		Debug|Any CPU = Debug|Any CPU
		Release|Any CPU = Release|Any CPU
	EndGlobalSection
	GlobalSection(ProjectConfigurationPlatforms) = postSolution
		{78F711DA-0A10-4B65-A37B-B9ECF15B2904}.Debug|Any CPU.ActiveCfg = Debug|Any CPU
		{78F711DA-0A10-4B65-A37B-B9ECF15B2904}.Debug|Any CPU.Build.0 = Debug|Any CPU
		{78F711DA-0A10-4B65-A37B-B9ECF15B2904}.Release|Any CPU.ActiveCfg = Release|Any CPU
		{78F711DA-0A10-4B65-A37B-B9ECF15B2904}.Release|Any CPU.Build.0 = Release|Any CPU
		{82E31B0E-ACF7-4FC2-929F-BC8E4AB8CDF3}.Debug|Any CPU.ActiveCfg = Debug|Any CPU
		{82E31B0E-ACF7-4FC2-929F-BC8E4AB8CDF3}.Debug|Any CPU.Build.0 = Debug|Any CPU
		{82E31B0E-ACF7-4FC2-929F-BC8E4AB8CDF3}.Release|Any CPU.ActiveCfg = Release|Any CPU
		{82E31B0E-ACF7-4FC2-929F-BC8E4AB8CDF3}.Release|Any CPU.Build.0 = Release|Any CPU
	EndGlobalSection
	GlobalSection(SolutionProperties) = preSolution
		HideSolutionNode = FALSE
	EndGlobalSection
	GlobalSection(ExtensibilityGlobals) = postSolution
		SolutionGuid = {A2AAB578-8454-4F76-A03F-6263A339A4D7}
	EndGlobalSection
EndGlobal
