
Microsoft Visual Studio Solution File, Format Version 12.00
# Visual Studio Version 17
VisualStudioVersion = 17.2.32516.85
MinimumVisualStudioVersion = 10.0.40219.1
Project("{9A19103F-16F7-4668-BE54-9A1E7A4F7556}") = "SpotFinder", "SpotFinder\SpotFinder.csproj", "{0A226A17-D2B4-47D2-B111-48CF85D22D55}"
EndProject
Project("{9A19103F-16F7-4668-BE54-9A1E7A4F7556}") = "SpotFinder.Tests", "SpotFinder.Tests\SpotFinder.Tests.csproj", "{ACF58263-9AD6-4180-964B-CD74643773A7}"
EndProject
Global
	GlobalSection(SolutionConfigurationPlatforms) = preSolution
		Debug|Any CPU = Debug|Any CPU
		Release|Any CPU = Release|Any CPU
	EndGlobalSection
	GlobalSection(ProjectConfigurationPlatforms) = postSolution
		{0A226A17-D2B4-47D2-B111-48CF85D22D55}.Debug|Any CPU.ActiveCfg = Debug|Any CPU
		{0A226A17-D2B4-47D2-B111-48CF85D22D55}.Debug|Any CPU.Build.0 = Debug|Any CPU
		{0A226A17-D2B4-47D2-B111-48CF85D22D55}.Release|Any CPU.ActiveCfg = Release|Any CPU
		{0A226A17-D2B4-47D2-B111-48CF85D22D55}.Release|Any CPU.Build.0 = Release|Any CPU
		{ACF58263-9AD6-4180-964B-CD74643773A7}.Debug|Any CPU.ActiveCfg = Debug|Any CPU
		{ACF58263-9AD6-4180-964B-CD74643773A7}.Debug|Any CPU.Build.0 = Debug|Any CPU
		{ACF58263-9AD6-4180-964B-CD74643773A7}.Release|Any CPU.ActiveCfg = Release|Any CPU
		{ACF58263-9AD6-4180-964B-CD74643773A7}.Release|Any CPU.Build.0 = Release|Any CPU
	EndGlobalSection
	GlobalSection(SolutionProperties) = preSolution
		HideSolutionNode = FALSE
	EndGlobalSection
	GlobalSection(ExtensibilityGlobals) = postSolution
		SolutionGuid = {A2AAB578-8454-4F76-A03F-6263A339A4D7}
	EndGlobalSection
EndGlobal
